
Microsoft Visual Studio Solution File, Format Version 11.00
# Visual Studio 2010
Project("{8BC9CEB8-8B4A-11D0-8D11-00A0C91BC942}") = "Matrix", "Matrix\Matrix.vcxproj", "{F37BD703-7B1E-4CB8-BAE1-EEBA215C416D}"
EndProject
Global
	GlobalSection(SolutionConfigurationPlatforms) = preSolution
		Debug|Win32 = Debug|Win32
		Release|Win32 = Release|Win32
	EndGlobalSection
	GlobalSection(ProjectConfigurationPlatforms) = postSolution
		{F37BD703-7B1E-4CB8-BAE1-EEBA215C416D}.Debug|Win32.ActiveCfg = Debug|Win32
		{F37BD703-7B1E-4CB8-BAE1-EEBA215C416D}.Debug|Win32.Build.0 = Debug|Win32
		{F37BD703-7B1E-4CB8-BAE1-EEBA215C416D}.Release|Win32.ActiveCfg = Release|Win32
		{F37BD703-7B1E-4CB8-BAE1-EEBA215C416D}.Release|Win32.Build.0 = Release|Win32
	EndGlobalSection
	GlobalSection(SolutionProperties) = preSolution
		HideSolutionNode = FALSE
	EndGlobalSection
EndGlobal
